// !$*UTF8*$!
{
	archiveVersion = 1;
	classes = {
	};
	objectVersion = 50;
	objects = {

/* Begin PBXBuildFile section */
		E2C6D572236E9FFC00CC498D /* AppDelegate.swift in Sources */ = {isa = PBXBuildFile; fileRef = E2C6D571236E9FFC00CC498D /* AppDelegate.swift */; };
		E2C6D574236E9FFC00CC498D /* SceneDelegate.swift in Sources */ = {isa = PBXBuildFile; fileRef = E2C6D573236E9FFC00CC498D /* SceneDelegate.swift */; };
		E2C6D576236E9FFC00CC498D /* ViewController.swift in Sources */ = {isa = PBXBuildFile; fileRef = E2C6D575236E9FFC00CC498D /* ViewController.swift */; };
		E2C6D579236E9FFC00CC498D /* Main.storyboard in Resources */ = {isa = PBXBuildFile; fileRef = E2C6D577236E9FFC00CC498D /* Main.storyboard */; };
		E2C6D57B236E9FFD00CC498D /* Assets.xcassets in Resources */ = {isa = PBXBuildFile; fileRef = E2C6D57A236E9FFD00CC498D /* Assets.xcassets */; };
		E2C6D57E236E9FFD00CC498D /* LaunchScreen.storyboard in Resources */ = {isa = PBXBuildFile; fileRef = E2C6D57C236E9FFD00CC498D /* LaunchScreen.storyboard */; };
		E2C6D586236EA05800CC498D /* exUIView.swift in Sources */ = {isa = PBXBuildFile; fileRef = E2C6D585236EA05800CC498D /* exUIView.swift */; };
		E2C6D589236EA5D900CC498D /* Color.xcassets in Resources */ = {isa = PBXBuildFile; fileRef = E2C6D588236EA5D900CC498D /* Color.xcassets */; };
/* End PBXBuildFile section */

/* Begin PBXFileReference section */
		E2C6D56E236E9FFC00CC498D /* tButtonAndDarkMode.app */ = {isa = PBXFileReference; explicitFileType = wrapper.application; includeInIndex = 0; path = tButtonAndDarkMode.app; sourceTree = BUILT_PRODUCTS_DIR; };
		E2C6D571236E9FFC00CC498D /* AppDelegate.swift */ = {isa = PBXFileReference; lastKnownFileType = sourcecode.swift; path = AppDelegate.swift; sourceTree = "<group>"; };
		E2C6D573236E9FFC00CC498D /* SceneDelegate.swift */ = {isa = PBXFileReference; lastKnownFileType = sourcecode.swift; path = SceneDelegate.swift; sourceTree = "<group>"; };
		E2C6D575236E9FFC00CC498D /* ViewController.swift */ = {isa = PBXFileReference; lastKnownFileType = sourcecode.swift; path = ViewController.swift; sourceTree = "<group>"; };
		E2C6D578236E9FFC00CC498D /* Base */ = {isa = PBXFileReference; lastKnownFileType = file.storyboard; name = Base; path = Base.lproj/Main.storyboard; sourceTree = "<group>"; };
		E2C6D57A236E9FFD00CC498D /* Assets.xcassets */ = {isa = PBXFileReference; lastKnownFileType = folder.assetcatalog; path = Assets.xcassets; sourceTree = "<group>"; };
		E2C6D57D236E9FFD00CC498D /* Base */ = {isa = PBXFileReference; lastKnownFileType = file.storyboard; name = Base; path = Base.lproj/LaunchScreen.storyboard; sourceTree = "<group>"; };
		E2C6D57F236E9FFD00CC498D /* Info.plist */ = {isa = PBXFileReference; lastKnownFileType = text.plist.xml; path = Info.plist; sourceTree = "<group>"; };
		E2C6D585236EA05800CC498D /* exUIView.swift */ = {isa = PBXFileReference; lastKnownFileType = sourcecode.swift; path = exUIView.swift; sourceTree = "<group>"; };
		E2C6D588236EA5D900CC498D /* Color.xcassets */ = {isa = PBXFileReference; lastKnownFileType = folder.assetcatalog; path = Color.xcassets; sourceTree = "<group>"; };
/* End PBXFileReference section */

/* Begin PBXFrameworksBuildPhase section */
		E2C6D56B236E9FFC00CC498D /* Frameworks */ = {
			isa = PBXFrameworksBuildPhase;
			buildActionMask = 2147483647;
			files = (
			);
			runOnlyForDeploymentPostprocessing = 0;
		};
/* End PBXFrameworksBuildPhase section */

/* Begin PBXGroup section */
		E2C6D565236E9FFC00CC498D = {
			isa = PBXGroup;
			children = (
				E2C6D570236E9FFC00CC498D /* tButtonAndDarkMode */,
				E2C6D56F236E9FFC00CC498D /* Products */,
			);
			sourceTree = "<group>";
		};
		E2C6D56F236E9FFC00CC498D /* Products */ = {
			isa = PBXGroup;
			children = (
				E2C6D56E236E9FFC00CC498D /* tButtonAndDarkMode.app */,
			);
			name = Products;
			sourceTree = "<group>";
		};
		E2C6D570236E9FFC00CC498D /* tButtonAndDarkMode */ = {
			isa = PBXGroup;
			children = (
				E2C6D571236E9FFC00CC498D /* AppDelegate.swift */,
				E2C6D573236E9FFC00CC498D /* SceneDelegate.swift */,
				E2C6D575236E9FFC00CC498D /* ViewController.swift */,
				E2C6D585236EA05800CC498D /* exUIView.swift */,
				E2C6D577236E9FFC00CC498D /* Main.storyboard */,
				E2C6D57A236E9FFD00CC498D /* Assets.xcassets */,
				E2C6D588236EA5D900CC498D /* Color.xcassets */,
				E2C6D57C236E9FFD00CC498D /* LaunchScreen.storyboard */,
				E2C6D57F236E9FFD00CC498D /* Info.plist */,
			);
			path = tButtonAndDarkMode;
			sourceTree = "<group>";
		};
/* End PBXGroup section */

/* Begin PBXNativeTarget section */
		E2C6D56D236E9FFC00CC498D /* tButtonAndDarkMode */ = {
			isa = PBXNativeTarget;
			buildConfigurationList = E2C6D582236E9FFD00CC498D /* Build configuration list for PBXNativeTarget "tButtonAndDarkMode" */;
			buildPhases = (
				E2C6D56A236E9FFC00CC498D /* Sources */,
				E2C6D56B236E9FFC00CC498D /* Frameworks */,
				E2C6D56C236E9FFC00CC498D /* Resources */,
			);
			buildRules = (
			);
			dependencies = (
			);
			name = tButtonAndDarkMode;
			productName = tButtonAndDarkMode;
			productReference = E2C6D56E236E9FFC00CC498D /* tButtonAndDarkMode.app */;
			productType = "com.apple.product-type.application";
		};
/* End PBXNativeTarget section */

/* Begin PBXProject section */
		E2C6D566236E9FFC00CC498D /* Project object */ = {
			isa = PBXProject;
			attributes = {
				LastSwiftUpdateCheck = 1110;
				LastUpgradeCheck = 1110;
				ORGANIZATIONNAME = tyobigoro_i;
				TargetAttributes = {
					E2C6D56D236E9FFC00CC498D = {
						CreatedOnToolsVersion = 11.1;
					};
				};
			};
			buildConfigurationList = E2C6D569236E9FFC00CC498D /* Build configuration list for PBXProject "tButtonAndDarkMode" */;
			compatibilityVersion = "Xcode 9.3";
			developmentRegion = en;
			hasScannedForEncodings = 0;
			knownRegions = (
				en,
				Base,
			);
			mainGroup = E2C6D565236E9FFC00CC498D;
			productRefGroup = E2C6D56F236E9FFC00CC498D /* Products */;
			projectDirPath = "";
			projectRoot = "";
			targets = (
				E2C6D56D236E9FFC00CC498D /* tButtonAndDarkMode */,
			);
		};
/* End PBXProject section */

/* Begin PBXResourcesBuildPhase section */
		E2C6D56C236E9FFC00CC498D /* Resources */ = {
			isa = PBXResourcesBuildPhase;
			buildActionMask = 2147483647;
			files = (
				E2C6D57E236E9FFD00CC498D /* LaunchScreen.storyboard in Resources */,
				E2C6D589236EA5D900CC498D /* Color.xcassets in Resources */,
				E2C6D57B236E9FFD00CC498D /* Assets.xcassets in Resources */,
				E2C6D579236E9FFC00CC498D /* Main.storyboard in Resources */,
			);
			runOnlyForDeploymentPostprocessing = 0;
		};
/* End PBXResourcesBuildPhase section */

/* Begin PBXSourcesBuildPhase section */
		E2C6D56A236E9FFC00CC498D /* Sources */ = {
			isa = PBXSourcesBuildPhase;
			buildActionMask = 2147483647;
			files = (
				E2C6D576236E9FFC00CC498D /* ViewController.swift in Sources */,
				E2C6D572236E9FFC00CC498D /* AppDelegate.swift in Sources */,
				E2C6D574236E9FFC00CC498D /* SceneDelegate.swift in Sources */,
				E2C6D586236EA05800CC498D /* exUIView.swift in Sources */,
			);
			runOnlyForDeploymentPostprocessing = 0;
		};
/* End PBXSourcesBuildPhase section */

/* Begin PBXVariantGroup section */
		E2C6D577236E9FFC00CC498D /* Main.storyboard */ = {
			isa = PBXVariantGroup;
			children = (
				E2C6D578236E9FFC00CC498D /* Base */,
			);
			name = Main.storyboard;
			sourceTree = "<group>";
		};
		E2C6D57C236E9FFD00CC498D /* LaunchScreen.storyboard */ = {
			isa = PBXVariantGroup;
			children = (
				E2C6D57D236E9FFD00CC498D /* Base */,
			);
			name = LaunchScreen.storyboard;
			sourceTree = "<group>";
		};
/* End PBXVariantGroup section */

/* Begin XCBuildConfiguration section */
		E2C6D580236E9FFD00CC498D /* Debug */ = {
			isa = XCBuildConfiguration;
			buildSettings = {
				ALWAYS_SEARCH_USER_PATHS = NO;
				CLANG_ANALYZER_NONNULL = YES;
				CLANG_ANALYZER_NUMBER_OBJECT_CONVERSION = YES_AGGRESSIVE;
				CLANG_CXX_LANGUAGE_STANDARD = "gnu++14";
				CLANG_CXX_LIBRARY = "libc++";
				CLANG_ENABLE_MODULES = YES;
				CLANG_ENABLE_OBJC_ARC = YES;
				CLANG_ENABLE_OBJC_WEAK = YES;
				CLANG_WARN_BLOCK_CAPTURE_AUTORELEASING = YES;
				CLANG_WARN_BOOL_CONVERSION = YES;
				CLANG_WARN_COMMA = YES;
				CLANG_WARN_CONSTANT_CONVERSION = YES;
				CLANG_WARN_DEPRECATED_OBJC_IMPLEMENTATIONS = YES;
				CLANG_WARN_DIRECT_OBJC_ISA_USAGE = YES_ERROR;
				CLANG_WARN_DOCUMENTATION_COMMENTS = YES;
				CLANG_WARN_EMPTY_BODY = YES;
				CLANG_WARN_ENUM_CONVERSION = YES;
				CLANG_WARN_INFINITE_RECURSION = YES;
				CLANG_WARN_INT_CONVERSION = YES;
				CLANG_WARN_NON_LITERAL_NULL_CONVERSION = YES;
				CLANG_WARN_OBJC_IMPLICIT_RETAIN_SELF = YES;
				CLANG_WARN_OBJC_LITERAL_CONVERSION = YES;
				CLANG_WARN_OBJC_ROOT_CLASS = YES_ERROR;
				CLANG_WARN_RANGE_LOOP_ANALYSIS = YES;
				CLANG_WARN_STRICT_PROTOTYPES = YES;
				CLANG_WARN_SUSPICIOUS_MOVE = YES;
				CLANG_WARN_UNGUARDED_AVAILABILITY = YES_AGGRESSIVE;
				CLANG_WARN_UNREACHABLE_CODE = YES;
				CLANG_WARN__DUPLICATE_METHOD_MATCH = YES;
				COPY_PHASE_STRIP = NO;
				DEBUG_INFORMATION_FORMAT = dwarf;
				ENABLE_STRICT_OBJC_MSGSEND = YES;
				ENABLE_TESTABILITY = YES;
				GCC_C_LANGUAGE_STANDARD = gnu11;
				GCC_DYNAMIC_NO_PIC = NO;
				GCC_NO_COMMON_BLOCKS = YES;
				GCC_OPTIMIZATION_LEVEL = 0;
				GCC_PREPROCESSOR_DEFINITIONS = (
					"DEBUG=1",
					"$(inherited)",
				);
				GCC_WARN_64_TO_32_BIT_CONVERSION = YES;
				GCC_WARN_ABOUT_RETURN_TYPE = YES_ERROR;
				GCC_WARN_UNDECLARED_SELECTOR = YES;
				GCC_WARN_UNINITIALIZED_AUTOS = YES_AGGRESSIVE;
				GCC_WARN_UNUSED_FUNCTION = YES;
				GCC_WARN_UNUSED_VARIABLE = YES;
				IPHONEOS_DEPLOYMENT_TARGET = 13.1;
				MTL_ENABLE_DEBUG_INFO = INCLUDE_SOURCE;
				MTL_FAST_MATH = YES;
				ONLY_ACTIVE_ARCH = YES;
				SDKROOT = iphoneos;
				SWIFT_ACTIVE_COMPILATION_CONDITIONS = DEBUG;
				SWIFT_OPTIMIZATION_LEVEL = "-Onone";
			};
			name = Debug;
		};
		E2C6D581236E9FFD00CC498D /* Release */ = {
			isa = XCBuildConfiguration;
			buildSettings = {
				ALWAYS_SEARCH_USER_PATHS = NO;
				CLANG_ANALYZER_NONNULL = YES;
				CLANG_ANALYZER_NUMBER_OBJECT_CONVERSION = YES_AGGRESSIVE;
				CLANG_CXX_LANGUAGE_STANDARD = "gnu++14";
				CLANG_CXX_LIBRARY = "libc++";
				CLANG_ENABLE_MODULES = YES;
				CLANG_ENABLE_OBJC_ARC = YES;
				CLANG_ENABLE_OBJC_WEAK = YES;
				CLANG_WARN_BLOCK_CAPTURE_AUTORELEASING = YES;
				CLANG_WARN_BOOL_CONVERSION = YES;
				CLANG_WARN_COMMA = YES;
				CLANG_WARN_CONSTANT_CONVERSION = YES;
				CLANG_WARN_DEPRECATED_OBJC_IMPLEMENTATIONS = YES;
				CLANG_WARN_DIRECT_OBJC_ISA_USAGE = YES_ERROR;
				CLANG_WARN_DOCUMENTATION_COMMENTS = YES;
				CLANG_WARN_EMPTY_BODY = YES;
				CLANG_WARN_ENUM_CONVERSION = YES;
				CLANG_WARN_INFINITE_RECURSION = YES;
				CLANG_WARN_INT_CONVERSION = YES;
				CLANG_WARN_NON_LITERAL_NULL_CONVERSION = YES;
				CLANG_WARN_OBJC_IMPLICIT_RETAIN_SELF = YES;
				CLANG_WARN_OBJC_LITERAL_CONVERSION = YES;
				CLANG_WARN_OBJC_ROOT_CLASS = YES_ERROR;
				CLANG_WARN_RANGE_LOOP_ANALYSIS = YES;
				CLANG_WARN_STRICT_PROTOTYPES = YES;
				CLANG_WARN_SUSPICIOUS_MOVE = YES;
				CLANG_WARN_UNGUARDED_AVAILABILITY = YES_AGGRESSIVE;
				CLANG_WARN_UNREACHABLE_CODE = YES;
				CLANG_WARN__DUPLICATE_METHOD_MATCH = YES;
				COPY_PHASE_STRIP = NO;
				DEBUG_INFORMATION_FORMAT = "dwarf-with-dsym";
				ENABLE_NS_ASSERTIONS = NO;
				ENABLE_STRICT_OBJC_MSGSEND = YES;
				GCC_C_LANGUAGE_STANDARD = gnu11;
				GCC_NO_COMMON_BLOCKS = YES;
				GCC_WARN_64_TO_32_BIT_CONVERSION = YES;
				GCC_WARN_ABOUT_RETURN_TYPE = YES_ERROR;
				GCC_WARN_UNDECLARED_SELECTOR = YES;
				GCC_WARN_UNINITIALIZED_AUTOS = YES_AGGRESSIVE;
				GCC_WARN_UNUSED_FUNCTION = YES;
				GCC_WARN_UNUSED_VARIABLE = YES;
				IPHONEOS_DEPLOYMENT_TARGET = 13.1;
				MTL_ENABLE_DEBUG_INFO = NO;
				MTL_FAST_MATH = YES;
				SDKROOT = iphoneos;
				SWIFT_COMPILATION_MODE = wholemodule;
				SWIFT_OPTIMIZATION_LEVEL = "-O";
				VALIDATE_PRODUCT = YES;
			};
			name = Release;
		};
		E2C6D583236E9FFD00CC498D /* Debug */ = {
			isa = XCBuildConfiguration;
			buildSettings = {
				ASSETCATALOG_COMPILER_APPICON_NAME = AppIcon;
				CODE_SIGN_STYLE = Automatic;
				DEVELOPMENT_TEAM = SXY5N93YAP;
				INFOPLIST_FILE = tButtonAndDarkMode/Info.plist;
				LD_RUNPATH_SEARCH_PATHS = (
					"$(inherited)",
					"@executable_path/Frameworks",
				);
				PRODUCT_BUNDLE_IDENTIFIER = "tyobigoro-i.tButtonAndDarkMode";
				PRODUCT_NAME = "$(TARGET_NAME)";
				SWIFT_VERSION = 5.0;
				TARGETED_DEVICE_FAMILY = "1,2";
			};
			name = Debug;
		};
		E2C6D584236E9FFE00CC498D /* Release */ = {
			isa = XCBuildConfiguration;
			buildSettings = {
				ASSETCATALOG_COMPILER_APPICON_NAME = AppIcon;
				CODE_SIGN_STYLE = Automatic;
				DEVELOPMENT_TEAM = SXY5N93YAP;
				INFOPLIST_FILE = tButtonAndDarkMode/Info.plist;
				LD_RUNPATH_SEARCH_PATHS = (
					"$(inherited)",
					"@executable_path/Frameworks",
				);
				PRODUCT_BUNDLE_IDENTIFIER = "tyobigoro-i.tButtonAndDarkMode";
				PRODUCT_NAME = "$(TARGET_NAME)";
				SWIFT_VERSION = 5.0;
				TARGETED_DEVICE_FAMILY = "1,2";
			};
			name = Release;
		};
/* End XCBuildConfiguration section */

/* Begin XCConfigurationList section */
		E2C6D569236E9FFC00CC498D /* Build configuration list for PBXProject "tButtonAndDarkMode" */ = {
			isa = XCConfigurationList;
			buildConfigurations = (
				E2C6D580236E9FFD00CC498D /* Debug */,
				E2C6D581236E9FFD00CC498D /* Release */,
			);
			defaultConfigurationIsVisible = 0;
			defaultConfigurationName = Release;
		};
		E2C6D582236E9FFD00CC498D /* Build configuration list for PBXNativeTarget "tButtonAndDarkMode" */ = {
			isa = XCConfigurationList;
			buildConfigurations = (
				E2C6D583236E9FFD00CC498D /* Debug */,
				E2C6D584236E9FFE00CC498D /* Release */,
			);
			defaultConfigurationIsVisible = 0;
			defaultConfigurationName = Release;
		};
/* End XCConfigurationList section */
	};
	rootObject = E2C6D566236E9FFC00CC498D /* Project object */;
}
